{
  "nodes": {
    "bash-header": {
      "inputs": {
        "flake-utils": "flake-utils",
        "nixpkgs": [
          "nixpkgs"
        ]
      },
      "locked": {
        "lastModified": 1673941465,
        "narHash": "sha256-MZIpkvYMlsCMZDZeDeVYAxfIAbcqpJ8DNcubhPYMWHE=",
        "owner": "sixears",
        "repo": "bash-header",
        "rev": "5206b087fb4792c7389f8547c856d4b91d39d509",
        "type": "github"
      },
      "original": {
        "owner": "sixears",
        "ref": "5206b087",
        "repo": "bash-header",
        "type": "github"
      }
    },
    "flake-utils": {
      "locked": {
        "lastModified": 1659877975,
        "narHash": "sha256-zllb8aq3YO3h8B/U0/J1WBgAL8EX5yWf5pMj3G0NAmc=",
        "owner": "numtide",
        "repo": "flake-utils",
        "rev": "c0e246b9b83f637f4681389ecabcb2681b4f3af0",
        "type": "github"
      },
      "original": {
        "owner": "numtide",
        "ref": "c0e246b9",
        "repo": "flake-utils",
        "type": "github"
      }
    },
    "flake-utils_2": {
      "locked": {
        "lastModified": 1659877975,
        "narHash": "sha256-zllb8aq3YO3h8B/U0/J1WBgAL8EX5yWf5pMj3G0NAmc=",
        "owner": "numtide",
        "repo": "flake-utils",
        "rev": "c0e246b9b83f637f4681389ecabcb2681b4f3af0",
        "type": "github"
      },
      "original": {
        "owner": "numtide",
        "ref": "c0e246b9",
        "repo": "flake-utils",
        "type": "github"
      }
    },
    "mkopenvpnconfs": {
      "inputs": {
        "bash-header": [
          "bash-header"
        ],
        "flake-utils": "flake-utils_2",
        "nixpkgs": [
          "nixpkgs"
        ]
      },
      "locked": {
        "lastModified": 1,
        "narHash": "sha256-0XUn7uG2J6WDSj+KNPgxe4oQwQZh1Vp4PA5rCtqETDs=",
        "path": "/nix/store/l43pl7simrmqrqarznh38bl0pyz2b8j2-source/pkgs/mkopenvpnconfs",
        "type": "path"
      },
      "original": {
        "path": "/nix/store/l43pl7simrmqrqarznh38bl0pyz2b8j2-source/pkgs/mkopenvpnconfs",
        "type": "path"
      }
    },
    "nixpkgs": {
      "locked": {
        "lastModified": 1673681449,
        "narHash": "sha256-0Sd00uFoVsO7xgd15FZst7wlw6Wvt7rJ7y7Q5BWKMgA=",
        "owner": "NixOS",
        "repo": "nixpkgs",
        "rev": "3ae365afb80773c3bb67e52294a82e329a9e5be0",
        "type": "github"
      },
      "original": {
        "owner": "NixOS",
        "ref": "3ae365af",
        "repo": "nixpkgs",
        "type": "github"
      }
    },
    "root": {
      "inputs": {
        "bash-header": "bash-header",
        "mkopenvpnconfs": "mkopenvpnconfs",
        "nixpkgs": "nixpkgs"
      }
    }
  },
  "root": "root",
  "version": 7
}
