{
  "nodes": {
    "flake-utils": {
      "locked": {
        "lastModified": 1659877975,
        "narHash": "sha256-zllb8aq3YO3h8B/U0/J1WBgAL8EX5yWf5pMj3G0NAmc=",
        "owner": "numtide",
        "repo": "flake-utils",
        "rev": "c0e246b9b83f637f4681389ecabcb2681b4f3af0",
        "type": "github"
      },
      "original": {
        "owner": "numtide",
        "ref": "c0e246b9",
        "repo": "flake-utils",
        "type": "github"
      }
    },
    "nixpkgs": {
      "locked": {
        "lastModified": 1656500841,
        "narHash": "sha256-13IRoh3uu29S4IfoVO6Sb0UPwzDhSqXoBKKQ4ssEzF0=",
        "owner": "nixos",
        "repo": "nixpkgs",
        "rev": "be6da3774db3746e6ae94bf412dd3707e35b2800",
        "type": "github"
      },
      "original": {
        "owner": "nixos",
        "ref": "be6da377",
        "repo": "nixpkgs",
        "type": "github"
      }
    },
    "root": {
      "inputs": {
        "flake-utils": "flake-utils",
        "nixpkgs": "nixpkgs"
      }
    }
  },
  "root": "root",
  "version": 7
}
